
Microsoft Visual Studio Solution File, Format Version 12.00
# Visual Studio Version 16
VisualStudioVersion = 16.0.30907.101
MinimumVisualStudioVersion = 10.0.40219.1
Project("{9A19103F-16F7-4668-BE54-9A1E7A4F7556}") = "ClassMetotDemo", "ClassMetotDemo.csproj", "{FD5CD5FE-19D9-4C56-807F-CF0BE8C8B4D2}"
EndProject
Project("{9A19103F-16F7-4668-BE54-9A1E7A4F7556}") = "Methotlar", "..\Methotlar\Methotlar.csproj", "{2C18086C-DE82-48B0-A52D-7B8198DD5323}"
EndProject
Project("{9A19103F-16F7-4668-BE54-9A1E7A4F7556}") = "DegerVeReferansTipler", "..\DegerVeReferansTipler\DegerVeReferansTipler.csproj", "{7BA9F6C9-70D9-4612-AC01-9DE7FAAC35EA}"
EndProject
Project("{9A19103F-16F7-4668-BE54-9A1E7A4F7556}") = "OOP1", "..\Oop1\OOP1.csproj", "{57745E8F-2BCB-4CA0-9DF4-8954395E64AA}"
EndProject
Project("{9A19103F-16F7-4668-BE54-9A1E7A4F7556}") = "Collections", "..\Collections\Collections.csproj", "{D8E22DF7-3413-4B2A-872F-430A6235A942}"
EndProject
Global
	GlobalSection(SolutionConfigurationPlatforms) = preSolution
		Debug|Any CPU = Debug|Any CPU
		Release|Any CPU = Release|Any CPU
	EndGlobalSection
	GlobalSection(ProjectConfigurationPlatforms) = postSolution
		{FD5CD5FE-19D9-4C56-807F-CF0BE8C8B4D2}.Debug|Any CPU.ActiveCfg = Debug|Any CPU
		{FD5CD5FE-19D9-4C56-807F-CF0BE8C8B4D2}.Debug|Any CPU.Build.0 = Debug|Any CPU
		{FD5CD5FE-19D9-4C56-807F-CF0BE8C8B4D2}.Release|Any CPU.ActiveCfg = Release|Any CPU
		{FD5CD5FE-19D9-4C56-807F-CF0BE8C8B4D2}.Release|Any CPU.Build.0 = Release|Any CPU
		{2C18086C-DE82-48B0-A52D-7B8198DD5323}.Debug|Any CPU.ActiveCfg = Debug|Any CPU
		{2C18086C-DE82-48B0-A52D-7B8198DD5323}.Debug|Any CPU.Build.0 = Debug|Any CPU
		{2C18086C-DE82-48B0-A52D-7B8198DD5323}.Release|Any CPU.ActiveCfg = Release|Any CPU
		{2C18086C-DE82-48B0-A52D-7B8198DD5323}.Release|Any CPU.Build.0 = Release|Any CPU
		{7BA9F6C9-70D9-4612-AC01-9DE7FAAC35EA}.Debug|Any CPU.ActiveCfg = Debug|Any CPU
		{7BA9F6C9-70D9-4612-AC01-9DE7FAAC35EA}.Debug|Any CPU.Build.0 = Debug|Any CPU
		{7BA9F6C9-70D9-4612-AC01-9DE7FAAC35EA}.Release|Any CPU.ActiveCfg = Release|Any CPU
		{7BA9F6C9-70D9-4612-AC01-9DE7FAAC35EA}.Release|Any CPU.Build.0 = Release|Any CPU
		{57745E8F-2BCB-4CA0-9DF4-8954395E64AA}.Debug|Any CPU.ActiveCfg = Debug|Any CPU
		{57745E8F-2BCB-4CA0-9DF4-8954395E64AA}.Debug|Any CPU.Build.0 = Debug|Any CPU
		{57745E8F-2BCB-4CA0-9DF4-8954395E64AA}.Release|Any CPU.ActiveCfg = Release|Any CPU
		{57745E8F-2BCB-4CA0-9DF4-8954395E64AA}.Release|Any CPU.Build.0 = Release|Any CPU
		{D8E22DF7-3413-4B2A-872F-430A6235A942}.Debug|Any CPU.ActiveCfg = Debug|Any CPU
		{D8E22DF7-3413-4B2A-872F-430A6235A942}.Debug|Any CPU.Build.0 = Debug|Any CPU
		{D8E22DF7-3413-4B2A-872F-430A6235A942}.Release|Any CPU.ActiveCfg = Release|Any CPU
		{D8E22DF7-3413-4B2A-872F-430A6235A942}.Release|Any CPU.Build.0 = Release|Any CPU
	EndGlobalSection
	GlobalSection(SolutionProperties) = preSolution
		HideSolutionNode = FALSE
	EndGlobalSection
	GlobalSection(ExtensibilityGlobals) = postSolution
		SolutionGuid = {2B265B33-4113-4FFC-9149-519910BCC66E}
	EndGlobalSection
EndGlobal
